
Microsoft Visual Studio Solution File, Format Version 12.00
# Visual Studio Version 16
VisualStudioVersion = 16.0.32228.343
MinimumVisualStudioVersion = 10.0.40219.1
Project("{8BC9CEB8-8B4A-11D0-8D11-00A0C91BC942}") = "p106", "p106\p106.vcxproj", "{139DEB08-4FBC-4A06-8ABB-366A1B454909}"
EndProject
Global
	GlobalSection(SolutionConfigurationPlatforms) = preSolution
		Debug|x64 = Debug|x64
		Debug|x86 = Debug|x86
		Release|x64 = Release|x64
		Release|x86 = Release|x86
	EndGlobalSection
	GlobalSection(ProjectConfigurationPlatforms) = postSolution
		{139DEB08-4FBC-4A06-8ABB-366A1B454909}.Debug|x64.ActiveCfg = Debug|x64
		{139DEB08-4FBC-4A06-8ABB-366A1B454909}.Debug|x64.Build.0 = Debug|x64
		{139DEB08-4FBC-4A06-8ABB-366A1B454909}.Debug|x86.ActiveCfg = Debug|Win32
		{139DEB08-4FBC-4A06-8ABB-366A1B454909}.Debug|x86.Build.0 = Debug|Win32
		{139DEB08-4FBC-4A06-8ABB-366A1B454909}.Release|x64.ActiveCfg = Release|x64
		{139DEB08-4FBC-4A06-8ABB-366A1B454909}.Release|x64.Build.0 = Release|x64
		{139DEB08-4FBC-4A06-8ABB-366A1B454909}.Release|x86.ActiveCfg = Release|Win32
		{139DEB08-4FBC-4A06-8ABB-366A1B454909}.Release|x86.Build.0 = Release|Win32
	EndGlobalSection
	GlobalSection(SolutionProperties) = preSolution
		HideSolutionNode = FALSE
	EndGlobalSection
	GlobalSection(ExtensibilityGlobals) = postSolution
		SolutionGuid = {2FA4A44B-F0F7-4FBE-B396-300C36076EAA}
	EndGlobalSection
EndGlobal
