
Microsoft Visual Studio Solution File, Format Version 12.00
# Visual Studio Version 16
VisualStudioVersion = 16.0.32228.343
MinimumVisualStudioVersion = 10.0.40219.1
Project("{8BC9CEB8-8B4A-11D0-8D11-00A0C91BC942}") = "p115", "p115\p115.vcxproj", "{48621173-C325-414A-A818-D98A1696F056}"
EndProject
Global
	GlobalSection(SolutionConfigurationPlatforms) = preSolution
		Debug|x64 = Debug|x64
		Debug|x86 = Debug|x86
		Release|x64 = Release|x64
		Release|x86 = Release|x86
	EndGlobalSection
	GlobalSection(ProjectConfigurationPlatforms) = postSolution
		{48621173-C325-414A-A818-D98A1696F056}.Debug|x64.ActiveCfg = Debug|x64
		{48621173-C325-414A-A818-D98A1696F056}.Debug|x64.Build.0 = Debug|x64
		{48621173-C325-414A-A818-D98A1696F056}.Debug|x86.ActiveCfg = Debug|Win32
		{48621173-C325-414A-A818-D98A1696F056}.Debug|x86.Build.0 = Debug|Win32
		{48621173-C325-414A-A818-D98A1696F056}.Release|x64.ActiveCfg = Release|x64
		{48621173-C325-414A-A818-D98A1696F056}.Release|x64.Build.0 = Release|x64
		{48621173-C325-414A-A818-D98A1696F056}.Release|x86.ActiveCfg = Release|Win32
		{48621173-C325-414A-A818-D98A1696F056}.Release|x86.Build.0 = Release|Win32
	EndGlobalSection
	GlobalSection(SolutionProperties) = preSolution
		HideSolutionNode = FALSE
	EndGlobalSection
	GlobalSection(ExtensibilityGlobals) = postSolution
		SolutionGuid = {43B6B581-7D54-4F10-80A0-727E0F2FDEE7}
	EndGlobalSection
EndGlobal
